{
  "name": "covid19",
  "lockfileVersion": 2,
  "requires": true,
  "packages": {
    "": {
      "dependencies": {
        "swiper": "^6.7.5"
      }
    },
    "node_modules/_dom7@3.0.0@dom7": {
      "name": "dom7",
      "version": "3.0.0",
      "license": "MIT",
      "dependencies": {
        "ssr-window": "^3.0.0-alpha.1"
      }
    },
    "node_modules/_dom7@3.0.0@dom7/node_modules/ssr-window": {
      "resolved": "node_modules/_ssr-window@3.0.0@ssr-window",
      "link": true
    },
    "node_modules/_ssr-window@3.0.0@ssr-window": {
      "name": "ssr-window",
      "version": "3.0.0",
      "license": "MIT"
    },
    "node_modules/_swiper@6.7.5@swiper": {
      "name": "swiper",
      "version": "6.7.5",
      "funding": [
        {
          "type": "patreon",
          "url": "https://www.patreon.com/vladimirkharlampidi"
        },
        {
          "type": "open_collective",
          "url": "http://opencollective.com/swiper"
        }
      ],
      "hasInstallScript": true,
      "license": "MIT",
      "dependencies": {
        "dom7": "^3.0.0",
        "ssr-window": "^3.0.0"
      },
      "engines": {
        "node": ">= 4.7.0"
      }
    },
    "node_modules/_swiper@6.7.5@swiper/node_modules/dom7": {
      "resolved": "node_modules/_dom7@3.0.0@dom7",
      "link": true
    },
    "node_modules/_swiper@6.7.5@swiper/node_modules/ssr-window": {
      "resolved": "node_modules/_ssr-window@3.0.0@ssr-window",
      "link": true
    },
    "node_modules/swiper": {
      "resolved": "node_modules/_swiper@6.7.5@swiper",
      "link": true
    }
  },
  "dependencies": {
    "_dom7@3.0.0@dom7": {
      "version": "npm:dom7@3.0.0",
      "requires": {
        "ssr-window": "^3.0.0-alpha.1"
      },
      "dependencies": {
        "ssr-window": {
          "version": "file:node_modules/_ssr-window@3.0.0@ssr-window"
        }
      }
    },
    "_ssr-window@3.0.0@ssr-window": {
      "version": "npm:ssr-window@3.0.0"
    },
    "_swiper@6.7.5@swiper": {
      "version": "npm:swiper@6.7.5",
      "requires": {
        "dom7": "^3.0.0",
        "ssr-window": "^3.0.0"
      },
      "dependencies": {
        "dom7": {
          "version": "file:node_modules/_dom7@3.0.0@dom7",
          "requires": {
            "ssr-window": "^3.0.0-alpha.1"
          },
          "dependencies": {
            "ssr-window": {
              "version": "file:node_modules/_ssr-window@3.0.0@ssr-window"
            }
          }
        },
        "ssr-window": {
          "version": "file:node_modules/_ssr-window@3.0.0@ssr-window"
        }
      }
    },
    "swiper": {
      "version": "file:node_modules/_swiper@6.7.5@swiper",
      "requires": {
        "dom7": "^3.0.0",
        "ssr-window": "^3.0.0"
      },
      "dependencies": {
        "dom7": {
          "version": "file:node_modules/_dom7@3.0.0@dom7",
          "requires": {
            "ssr-window": "^3.0.0-alpha.1"
          },
          "dependencies": {
            "ssr-window": {
              "version": "file:node_modules/_ssr-window@3.0.0@ssr-window"
            }
          }
        },
        "ssr-window": {
          "version": "file:node_modules/_ssr-window@3.0.0@ssr-window"
        }
      }
    }
  }
}
